
Microsoft Visual Studio Solution File, Format Version 12.00
# Visual Studio Version 16
VisualStudioVersion = 16.0.29009.5
MinimumVisualStudioVersion = 10.0.40219.1
Project("{FAE04EC0-301F-11D3-BF4B-00C04F79EFBC}") = "WebAdvert.Web", "WebAdvert.Web.csproj", "{C2BC971A-E75F-455F-8A33-73F808B5894A}"
EndProject
Global
	GlobalSection(SolutionConfigurationPlatforms) = preSolution
		Debug|Any CPU = Debug|Any CPU
		Release|Any CPU = Release|Any CPU
	EndGlobalSection
	GlobalSection(ProjectConfigurationPlatforms) = postSolution
		{C2BC971A-E75F-455F-8A33-73F808B5894A}.Debug|Any CPU.ActiveCfg = Debug|Any CPU
		{C2BC971A-E75F-455F-8A33-73F808B5894A}.Debug|Any CPU.Build.0 = Debug|Any CPU
		{C2BC971A-E75F-455F-8A33-73F808B5894A}.Release|Any CPU.ActiveCfg = Release|Any CPU
		{C2BC971A-E75F-455F-8A33-73F808B5894A}.Release|Any CPU.Build.0 = Release|Any CPU
	EndGlobalSection
	GlobalSection(SolutionProperties) = preSolution
		HideSolutionNode = FALSE
	EndGlobalSection
	GlobalSection(ExtensibilityGlobals) = postSolution
		SolutionGuid = {F56CDABC-3268-40BC-814F-59FBC3ED5B3B}
	EndGlobalSection
EndGlobal
